
Microsoft Visual Studio Solution File, Format Version 12.00
# Visual Studio Version 17
VisualStudioVersion = 17.2.32526.322
MinimumVisualStudioVersion = 10.0.40219.1
Project("{FAE04EC0-301F-11D3-BF4B-00C04F79EFBC}") = "WanderinInTheWoodsProjectMain", "WanderinInTheWoodsProjectMain\WanderinInTheWoodsProjectMain.csproj", "{99814F12-0CEA-4521-BAF2-6C26EEF1CF5A}"
EndProject
Global
	GlobalSection(SolutionConfigurationPlatforms) = preSolution
		Debug|Any CPU = Debug|Any CPU
		Release|Any CPU = Release|Any CPU
	EndGlobalSection
	GlobalSection(ProjectConfigurationPlatforms) = postSolution
		{99814F12-0CEA-4521-BAF2-6C26EEF1CF5A}.Debug|Any CPU.ActiveCfg = Debug|Any CPU
		{99814F12-0CEA-4521-BAF2-6C26EEF1CF5A}.Debug|Any CPU.Build.0 = Debug|Any CPU
		{99814F12-0CEA-4521-BAF2-6C26EEF1CF5A}.Release|Any CPU.ActiveCfg = Release|Any CPU
		{99814F12-0CEA-4521-BAF2-6C26EEF1CF5A}.Release|Any CPU.Build.0 = Release|Any CPU
	EndGlobalSection
	GlobalSection(SolutionProperties) = preSolution
		HideSolutionNode = FALSE
	EndGlobalSection
	GlobalSection(ExtensibilityGlobals) = postSolution
		SolutionGuid = {55C5C10C-742D-44E9-9863-202D6657BEAF}
	EndGlobalSection
EndGlobal
